// !$*UTF8*$!
{
	archiveVersion = 1;
	classes = {
	};
	objectVersion = 48;
	objects = {

/* Begin PBXBuildFile section */
		921560FC1F8907E0003CED66 /* AppDelegate.swift in Sources */ = {isa = PBXBuildFile; fileRef = 921560FB1F8907E0003CED66 /* AppDelegate.swift */; };
		921561031F8907E0003CED66 /* Main.storyboard in Resources */ = {isa = PBXBuildFile; fileRef = 921561011F8907E0003CED66 /* Main.storyboard */; };
		921561051F8907E0003CED66 /* Assets.xcassets in Resources */ = {isa = PBXBuildFile; fileRef = 921561041F8907E0003CED66 /* Assets.xcassets */; };
		921561081F8907E0003CED66 /* LaunchScreen.storyboard in Resources */ = {isa = PBXBuildFile; fileRef = 921561061F8907E0003CED66 /* LaunchScreen.storyboard */; };
		921561101F890DD3003CED66 /* ExploreTableViewController.swift in Sources */ = {isa = PBXBuildFile; fileRef = 9215610F1F890DD3003CED66 /* ExploreTableViewController.swift */; };
		921561121F894196003CED66 /* SimpleDataSource.swift in Sources */ = {isa = PBXBuildFile; fileRef = 921561111F894196003CED66 /* SimpleDataSource.swift */; };
		921561141F895B1F003CED66 /* ResultsViewController.swift in Sources */ = {isa = PBXBuildFile; fileRef = 921561131F895B1F003CED66 /* ResultsViewController.swift */; };
/* End PBXBuildFile section */

/* Begin PBXFileReference section */
		921560F81F8907E0003CED66 /* NavExplore.app */ = {isa = PBXFileReference; explicitFileType = wrapper.application; includeInIndex = 0; path = NavExplore.app; sourceTree = BUILT_PRODUCTS_DIR; };
		921560FB1F8907E0003CED66 /* AppDelegate.swift */ = {isa = PBXFileReference; lastKnownFileType = sourcecode.swift; path = AppDelegate.swift; sourceTree = "<group>"; };
		921561021F8907E0003CED66 /* Base */ = {isa = PBXFileReference; lastKnownFileType = file.storyboard; name = Base; path = Base.lproj/Main.storyboard; sourceTree = "<group>"; };
		921561041F8907E0003CED66 /* Assets.xcassets */ = {isa = PBXFileReference; lastKnownFileType = folder.assetcatalog; path = Assets.xcassets; sourceTree = "<group>"; };
		921561071F8907E0003CED66 /* Base */ = {isa = PBXFileReference; lastKnownFileType = file.storyboard; name = Base; path = Base.lproj/LaunchScreen.storyboard; sourceTree = "<group>"; };
		921561091F8907E0003CED66 /* Info.plist */ = {isa = PBXFileReference; lastKnownFileType = text.plist.xml; path = Info.plist; sourceTree = "<group>"; };
		9215610F1F890DD3003CED66 /* ExploreTableViewController.swift */ = {isa = PBXFileReference; lastKnownFileType = sourcecode.swift; path = ExploreTableViewController.swift; sourceTree = "<group>"; };
		921561111F894196003CED66 /* SimpleDataSource.swift */ = {isa = PBXFileReference; lastKnownFileType = sourcecode.swift; path = SimpleDataSource.swift; sourceTree = "<group>"; };
		921561131F895B1F003CED66 /* ResultsViewController.swift */ = {isa = PBXFileReference; lastKnownFileType = sourcecode.swift; path = ResultsViewController.swift; sourceTree = "<group>"; };
/* End PBXFileReference section */

/* Begin PBXFrameworksBuildPhase section */
		921560F51F8907E0003CED66 /* Frameworks */ = {
			isa = PBXFrameworksBuildPhase;
			buildActionMask = 2147483647;
			files = (
			);
			runOnlyForDeploymentPostprocessing = 0;
		};
/* End PBXFrameworksBuildPhase section */

/* Begin PBXGroup section */
		921560EF1F8907E0003CED66 = {
			isa = PBXGroup;
			children = (
				921560FA1F8907E0003CED66 /* NavExplore */,
				921560F91F8907E0003CED66 /* Products */,
			);
			sourceTree = "<group>";
		};
		921560F91F8907E0003CED66 /* Products */ = {
			isa = PBXGroup;
			children = (
				921560F81F8907E0003CED66 /* NavExplore.app */,
			);
			name = Products;
			sourceTree = "<group>";
		};
		921560FA1F8907E0003CED66 /* NavExplore */ = {
			isa = PBXGroup;
			children = (
				921560FB1F8907E0003CED66 /* AppDelegate.swift */,
				921561111F894196003CED66 /* SimpleDataSource.swift */,
				9215610F1F890DD3003CED66 /* ExploreTableViewController.swift */,
				921561131F895B1F003CED66 /* ResultsViewController.swift */,
				921561011F8907E0003CED66 /* Main.storyboard */,
				921561041F8907E0003CED66 /* Assets.xcassets */,
				921561061F8907E0003CED66 /* LaunchScreen.storyboard */,
				921561091F8907E0003CED66 /* Info.plist */,
			);
			path = NavExplore;
			sourceTree = "<group>";
		};
/* End PBXGroup section */

/* Begin PBXNativeTarget section */
		921560F71F8907E0003CED66 /* NavExplore */ = {
			isa = PBXNativeTarget;
			buildConfigurationList = 9215610C1F8907E0003CED66 /* Build configuration list for PBXNativeTarget "NavExplore" */;
			buildPhases = (
				921560F41F8907E0003CED66 /* Sources */,
				921560F51F8907E0003CED66 /* Frameworks */,
				921560F61F8907E0003CED66 /* Resources */,
			);
			buildRules = (
			);
			dependencies = (
			);
			name = NavExplore;
			productName = NavExplore;
			productReference = 921560F81F8907E0003CED66 /* NavExplore.app */;
			productType = "com.apple.product-type.application";
		};
/* End PBXNativeTarget section */

/* Begin PBXProject section */
		921560F01F8907E0003CED66 /* Project object */ = {
			isa = PBXProject;
			attributes = {
				LastSwiftUpdateCheck = 0900;
				LastUpgradeCheck = 0900;
				ORGANIZATIONNAME = "Peer Assembly Ltd";
				TargetAttributes = {
					921560F71F8907E0003CED66 = {
						CreatedOnToolsVersion = 9.0;
						ProvisioningStyle = Automatic;
					};
				};
			};
			buildConfigurationList = 921560F31F8907E0003CED66 /* Build configuration list for PBXProject "NavExplore" */;
			compatibilityVersion = "Xcode 8.0";
			developmentRegion = en;
			hasScannedForEncodings = 0;
			knownRegions = (
				en,
				Base,
			);
			mainGroup = 921560EF1F8907E0003CED66;
			productRefGroup = 921560F91F8907E0003CED66 /* Products */;
			projectDirPath = "";
			projectRoot = "";
			targets = (
				921560F71F8907E0003CED66 /* NavExplore */,
			);
		};
/* End PBXProject section */

/* Begin PBXResourcesBuildPhase section */
		921560F61F8907E0003CED66 /* Resources */ = {
			isa = PBXResourcesBuildPhase;
			buildActionMask = 2147483647;
			files = (
				921561081F8907E0003CED66 /* LaunchScreen.storyboard in Resources */,
				921561051F8907E0003CED66 /* Assets.xcassets in Resources */,
				921561031F8907E0003CED66 /* Main.storyboard in Resources */,
			);
			runOnlyForDeploymentPostprocessing = 0;
		};
/* End PBXResourcesBuildPhase section */

/* Begin PBXSourcesBuildPhase section */
		921560F41F8907E0003CED66 /* Sources */ = {
			isa = PBXSourcesBuildPhase;
			buildActionMask = 2147483647;
			files = (
				921561101F890DD3003CED66 /* ExploreTableViewController.swift in Sources */,
				921561121F894196003CED66 /* SimpleDataSource.swift in Sources */,
				921560FC1F8907E0003CED66 /* AppDelegate.swift in Sources */,
				921561141F895B1F003CED66 /* ResultsViewController.swift in Sources */,
			);
			runOnlyForDeploymentPostprocessing = 0;
		};
/* End PBXSourcesBuildPhase section */

/* Begin PBXVariantGroup section */
		921561011F8907E0003CED66 /* Main.storyboard */ = {
			isa = PBXVariantGroup;
			children = (
				921561021F8907E0003CED66 /* Base */,
			);
			name = Main.storyboard;
			sourceTree = "<group>";
		};
		921561061F8907E0003CED66 /* LaunchScreen.storyboard */ = {
			isa = PBXVariantGroup;
			children = (
				921561071F8907E0003CED66 /* Base */,
			);
			name = LaunchScreen.storyboard;
			sourceTree = "<group>";
		};
/* End PBXVariantGroup section */

/* Begin XCBuildConfiguration section */
		9215610A1F8907E0003CED66 /* Debug */ = {
			isa = XCBuildConfiguration;
			buildSettings = {
				ALWAYS_SEARCH_USER_PATHS = NO;
				CLANG_ANALYZER_NONNULL = YES;
				CLANG_ANALYZER_NUMBER_OBJECT_CONVERSION = YES_AGGRESSIVE;
				CLANG_CXX_LANGUAGE_STANDARD = "gnu++14";
				CLANG_CXX_LIBRARY = "libc++";
				CLANG_ENABLE_MODULES = YES;
				CLANG_ENABLE_OBJC_ARC = YES;
				CLANG_WARN_BLOCK_CAPTURE_AUTORELEASING = YES;
				CLANG_WARN_BOOL_CONVERSION = YES;
				CLANG_WARN_COMMA = YES;
				CLANG_WARN_CONSTANT_CONVERSION = YES;
				CLANG_WARN_DIRECT_OBJC_ISA_USAGE = YES_ERROR;
				CLANG_WARN_DOCUMENTATION_COMMENTS = YES;
				CLANG_WARN_EMPTY_BODY = YES;
				CLANG_WARN_ENUM_CONVERSION = YES;
				CLANG_WARN_INFINITE_RECURSION = YES;
				CLANG_WARN_INT_CONVERSION = YES;
				CLANG_WARN_NON_LITERAL_NULL_CONVERSION = YES;
				CLANG_WARN_OBJC_LITERAL_CONVERSION = YES;
				CLANG_WARN_OBJC_ROOT_CLASS = YES_ERROR;
				CLANG_WARN_RANGE_LOOP_ANALYSIS = YES;
				CLANG_WARN_STRICT_PROTOTYPES = YES;
				CLANG_WARN_SUSPICIOUS_MOVE = YES;
				CLANG_WARN_UNGUARDED_AVAILABILITY = YES_AGGRESSIVE;
				CLANG_WARN_UNREACHABLE_CODE = YES;
				CLANG_WARN__DUPLICATE_METHOD_MATCH = YES;
				CODE_SIGN_IDENTITY = "iPhone Developer";
				COPY_PHASE_STRIP = NO;
				DEBUG_INFORMATION_FORMAT = dwarf;
				ENABLE_STRICT_OBJC_MSGSEND = YES;
				ENABLE_TESTABILITY = YES;
				GCC_C_LANGUAGE_STANDARD = gnu11;
				GCC_DYNAMIC_NO_PIC = NO;
				GCC_NO_COMMON_BLOCKS = YES;
				GCC_OPTIMIZATION_LEVEL = 0;
				GCC_PREPROCESSOR_DEFINITIONS = (
					"DEBUG=1",
					"$(inherited)",
				);
				GCC_WARN_64_TO_32_BIT_CONVERSION = YES;
				GCC_WARN_ABOUT_RETURN_TYPE = YES_ERROR;
				GCC_WARN_UNDECLARED_SELECTOR = YES;
				GCC_WARN_UNINITIALIZED_AUTOS = YES_AGGRESSIVE;
				GCC_WARN_UNUSED_FUNCTION = YES;
				GCC_WARN_UNUSED_VARIABLE = YES;
				IPHONEOS_DEPLOYMENT_TARGET = 10.0;
				MTL_ENABLE_DEBUG_INFO = YES;
				ONLY_ACTIVE_ARCH = YES;
				SDKROOT = iphoneos;
				SWIFT_ACTIVE_COMPILATION_CONDITIONS = DEBUG;
				SWIFT_OPTIMIZATION_LEVEL = "-Onone";
			};
			name = Debug;
		};
		9215610B1F8907E0003CED66 /* Release */ = {
			isa = XCBuildConfiguration;
			buildSettings = {
				ALWAYS_SEARCH_USER_PATHS = NO;
				CLANG_ANALYZER_NONNULL = YES;
				CLANG_ANALYZER_NUMBER_OBJECT_CONVERSION = YES_AGGRESSIVE;
				CLANG_CXX_LANGUAGE_STANDARD = "gnu++14";
				CLANG_CXX_LIBRARY = "libc++";
				CLANG_ENABLE_MODULES = YES;
				CLANG_ENABLE_OBJC_ARC = YES;
				CLANG_WARN_BLOCK_CAPTURE_AUTORELEASING = YES;
				CLANG_WARN_BOOL_CONVERSION = YES;
				CLANG_WARN_COMMA = YES;
				CLANG_WARN_CONSTANT_CONVERSION = YES;
				CLANG_WARN_DIRECT_OBJC_ISA_USAGE = YES_ERROR;
				CLANG_WARN_DOCUMENTATION_COMMENTS = YES;
				CLANG_WARN_EMPTY_BODY = YES;
				CLANG_WARN_ENUM_CONVERSION = YES;
				CLANG_WARN_INFINITE_RECURSION = YES;
				CLANG_WARN_INT_CONVERSION = YES;
				CLANG_WARN_NON_LITERAL_NULL_CONVERSION = YES;
				CLANG_WARN_OBJC_LITERAL_CONVERSION = YES;
				CLANG_WARN_OBJC_ROOT_CLASS = YES_ERROR;
				CLANG_WARN_RANGE_LOOP_ANALYSIS = YES;
				CLANG_WARN_STRICT_PROTOTYPES = YES;
				CLANG_WARN_SUSPICIOUS_MOVE = YES;
				CLANG_WARN_UNGUARDED_AVAILABILITY = YES_AGGRESSIVE;
				CLANG_WARN_UNREACHABLE_CODE = YES;
				CLANG_WARN__DUPLICATE_METHOD_MATCH = YES;
				CODE_SIGN_IDENTITY = "iPhone Developer";
				COPY_PHASE_STRIP = NO;
				DEBUG_INFORMATION_FORMAT = "dwarf-with-dsym";
				ENABLE_NS_ASSERTIONS = NO;
				ENABLE_STRICT_OBJC_MSGSEND = YES;
				GCC_C_LANGUAGE_STANDARD = gnu11;
				GCC_NO_COMMON_BLOCKS = YES;
				GCC_WARN_64_TO_32_BIT_CONVERSION = YES;
				GCC_WARN_ABOUT_RETURN_TYPE = YES_ERROR;
				GCC_WARN_UNDECLARED_SELECTOR = YES;
				GCC_WARN_UNINITIALIZED_AUTOS = YES_AGGRESSIVE;
				GCC_WARN_UNUSED_FUNCTION = YES;
				GCC_WARN_UNUSED_VARIABLE = YES;
				IPHONEOS_DEPLOYMENT_TARGET = 10.0;
				MTL_ENABLE_DEBUG_INFO = NO;
				SDKROOT = iphoneos;
				SWIFT_OPTIMIZATION_LEVEL = "-Owholemodule";
				VALIDATE_PRODUCT = YES;
			};
			name = Release;
		};
		9215610D1F8907E0003CED66 /* Debug */ = {
			isa = XCBuildConfiguration;
			buildSettings = {
				ASSETCATALOG_COMPILER_APPICON_NAME = AppIcon;
				CODE_SIGN_STYLE = Automatic;
				DEVELOPMENT_TEAM = 4T3HN73CF5;
				INFOPLIST_FILE = NavExplore/Info.plist;
				LD_RUNPATH_SEARCH_PATHS = "$(inherited) @executable_path/Frameworks";
				PRODUCT_BUNDLE_IDENTIFIER = com.peerassembly.NavExplore;
				PRODUCT_NAME = "$(TARGET_NAME)";
				SWIFT_VERSION = 4.0;
				TARGETED_DEVICE_FAMILY = "1,2";
			};
			name = Debug;
		};
		9215610E1F8907E0003CED66 /* Release */ = {
			isa = XCBuildConfiguration;
			buildSettings = {
				ASSETCATALOG_COMPILER_APPICON_NAME = AppIcon;
				CODE_SIGN_STYLE = Automatic;
				DEVELOPMENT_TEAM = 4T3HN73CF5;
				INFOPLIST_FILE = NavExplore/Info.plist;
				LD_RUNPATH_SEARCH_PATHS = "$(inherited) @executable_path/Frameworks";
				PRODUCT_BUNDLE_IDENTIFIER = com.peerassembly.NavExplore;
				PRODUCT_NAME = "$(TARGET_NAME)";
				SWIFT_VERSION = 4.0;
				TARGETED_DEVICE_FAMILY = "1,2";
			};
			name = Release;
		};
/* End XCBuildConfiguration section */

/* Begin XCConfigurationList section */
		921560F31F8907E0003CED66 /* Build configuration list for PBXProject "NavExplore" */ = {
			isa = XCConfigurationList;
			buildConfigurations = (
				9215610A1F8907E0003CED66 /* Debug */,
				9215610B1F8907E0003CED66 /* Release */,
			);
			defaultConfigurationIsVisible = 0;
			defaultConfigurationName = Release;
		};
		9215610C1F8907E0003CED66 /* Build configuration list for PBXNativeTarget "NavExplore" */ = {
			isa = XCConfigurationList;
			buildConfigurations = (
				9215610D1F8907E0003CED66 /* Debug */,
				9215610E1F8907E0003CED66 /* Release */,
			);
			defaultConfigurationIsVisible = 0;
			defaultConfigurationName = Release;
		};
/* End XCConfigurationList section */
	};
	rootObject = 921560F01F8907E0003CED66 /* Project object */;
}
